
Microsoft Visual Studio Solution File, Format Version 12.00
# Visual Studio Version 17
VisualStudioVersion = 17.7.34009.444
MinimumVisualStudioVersion = 10.0.40219.1
Project("{9A19103F-16F7-4668-BE54-9A1E7A4F7556}") = "PrimalEditor", "PrimalEditor\PrimalEditor.csproj", "{F0686F8F-7DFE-4887-BF0C-5E911F84ED54}"
EndProject
Project("{8BC9CEB8-8B4A-11D0-8D11-00A0C91BC942}") = "Engine", "Engine\Engine.vcxproj", "{CC9A90F5-D248-4328-946A-9048959A0DD6}"
EndProject
Project("{8BC9CEB8-8B4A-11D0-8D11-00A0C91BC942}") = "EngineTest", "EngineTest\EngineTest.vcxproj", "{533FFEE0-F242-46C5-BABD-28615F79770B}"
EndProject
Project("{8BC9CEB8-8B4A-11D0-8D11-00A0C91BC942}") = "EngineDLL", "EngineDLL\EngineDLL.vcxproj", "{E99AAB67-351C-424E-B5BA-AF71E5F6772E}"
EndProject
Global
	GlobalSection(SolutionConfigurationPlatforms) = preSolution
		Debug|x64 = Debug|x64
		Debug|x86 = Debug|x86
		Release|x64 = Release|x64
		Release|x86 = Release|x86
	EndGlobalSection
	GlobalSection(ProjectConfigurationPlatforms) = postSolution
		{F0686F8F-7DFE-4887-BF0C-5E911F84ED54}.Debug|x64.ActiveCfg = Debug|Any CPU
		{F0686F8F-7DFE-4887-BF0C-5E911F84ED54}.Debug|x64.Build.0 = Debug|Any CPU
		{F0686F8F-7DFE-4887-BF0C-5E911F84ED54}.Debug|x86.ActiveCfg = Debug|Any CPU
		{F0686F8F-7DFE-4887-BF0C-5E911F84ED54}.Debug|x86.Build.0 = Debug|Any CPU
		{F0686F8F-7DFE-4887-BF0C-5E911F84ED54}.Release|x64.ActiveCfg = Release|Any CPU
		{F0686F8F-7DFE-4887-BF0C-5E911F84ED54}.Release|x64.Build.0 = Release|Any CPU
		{F0686F8F-7DFE-4887-BF0C-5E911F84ED54}.Release|x86.ActiveCfg = Release|Any CPU
		{F0686F8F-7DFE-4887-BF0C-5E911F84ED54}.Release|x86.Build.0 = Release|Any CPU
		{CC9A90F5-D248-4328-946A-9048959A0DD6}.Debug|x64.ActiveCfg = Debug|x64
		{CC9A90F5-D248-4328-946A-9048959A0DD6}.Debug|x64.Build.0 = Debug|x64
		{CC9A90F5-D248-4328-946A-9048959A0DD6}.Debug|x86.ActiveCfg = Debug|x64
		{CC9A90F5-D248-4328-946A-9048959A0DD6}.Debug|x86.Build.0 = Debug|x64
		{CC9A90F5-D248-4328-946A-9048959A0DD6}.Release|x64.ActiveCfg = Release|x64
		{CC9A90F5-D248-4328-946A-9048959A0DD6}.Release|x64.Build.0 = Release|x64
		{CC9A90F5-D248-4328-946A-9048959A0DD6}.Release|x86.ActiveCfg = Release|x64
		{CC9A90F5-D248-4328-946A-9048959A0DD6}.Release|x86.Build.0 = Release|x64
		{533FFEE0-F242-46C5-BABD-28615F79770B}.Debug|x64.ActiveCfg = Debug|x64
		{533FFEE0-F242-46C5-BABD-28615F79770B}.Debug|x64.Build.0 = Debug|x64
		{533FFEE0-F242-46C5-BABD-28615F79770B}.Debug|x86.ActiveCfg = Debug|Win32
		{533FFEE0-F242-46C5-BABD-28615F79770B}.Debug|x86.Build.0 = Debug|Win32
		{533FFEE0-F242-46C5-BABD-28615F79770B}.Release|x64.ActiveCfg = Release|x64
		{533FFEE0-F242-46C5-BABD-28615F79770B}.Release|x64.Build.0 = Release|x64
		{533FFEE0-F242-46C5-BABD-28615F79770B}.Release|x86.ActiveCfg = Release|Win32
		{533FFEE0-F242-46C5-BABD-28615F79770B}.Release|x86.Build.0 = Release|Win32
		{E99AAB67-351C-424E-B5BA-AF71E5F6772E}.Debug|x64.ActiveCfg = Debug|x64
		{E99AAB67-351C-424E-B5BA-AF71E5F6772E}.Debug|x64.Build.0 = Debug|x64
		{E99AAB67-351C-424E-B5BA-AF71E5F6772E}.Debug|x86.ActiveCfg = Debug|Win32
		{E99AAB67-351C-424E-B5BA-AF71E5F6772E}.Debug|x86.Build.0 = Debug|Win32
		{E99AAB67-351C-424E-B5BA-AF71E5F6772E}.Release|x64.ActiveCfg = Release|x64
		{E99AAB67-351C-424E-B5BA-AF71E5F6772E}.Release|x64.Build.0 = Release|x64
		{E99AAB67-351C-424E-B5BA-AF71E5F6772E}.Release|x86.ActiveCfg = Release|Win32
		{E99AAB67-351C-424E-B5BA-AF71E5F6772E}.Release|x86.Build.0 = Release|Win32
	EndGlobalSection
	GlobalSection(SolutionProperties) = preSolution
		HideSolutionNode = FALSE
	EndGlobalSection
	GlobalSection(ExtensibilityGlobals) = postSolution
		SolutionGuid = {000AC7E0-78BA-4696-808E-45C78ADDFC12}
	EndGlobalSection
EndGlobal
